// !$*UTF8*$!
{
	archiveVersion = 1;
	classes = {
	};
	objectVersion = 77;
	objects = {

/* Begin PBXContainerItemProxy section */
		5E1A0000000000000000001A /* PBXContainerItemProxy */ = {
			isa = PBXContainerItemProxy;
			containerPortal = 5E1A00000000000000000009 /* Project object */;
			proxyType = 1;
			remoteGlobalIDString = 5E1A00000000000000000006;
			remoteInfo = Relive;
		};
		5E1A00000000000000000025 /* PBXContainerItemProxy */ = {
			isa = PBXContainerItemProxy;
			containerPortal = 5E1A00000000000000000009 /* Project object */;
			proxyType = 1;
			remoteGlobalIDString = 5E1A00000000000000000006;
			remoteInfo = Relive;
		};
/* End PBXContainerItemProxy section */

/* Begin PBXBuildFile section */
		5E1A0000000000000000000A /* ReliveCore in Frameworks */ = {isa = PBXBuildFile; productRef = 5E1A0000000000000000000B /* ReliveCore */; };
/* End PBXBuildFile section */

/* Begin PBXFileReference section */
		5E1A00000000000000000001 /* Relive.app */ = {isa = PBXFileReference; explicitFileType = wrapper.application; includeInIndex = 0; path = Relive.app; sourceTree = BUILT_PRODUCTS_DIR; };
		5E1A00000000000000000014 /* Info.plist */ = {isa = PBXFileReference; lastKnownFileType = text.plist.xml; path = Info.plist; sourceTree = "<group>"; };
		5E1A00000000000000000015 /* ReliveUITests.xctest */ = {isa = PBXFileReference; explicitFileType = wrapper.cfbundle; includeInIndex = 0; path = ReliveUITests.xctest; sourceTree = BUILT_PRODUCTS_DIR; };
		5E1A00000000000000000020 /* ReliveTests.xctest */ = {isa = PBXFileReference; explicitFileType = wrapper.cfbundle; includeInIndex = 0; path = ReliveTests.xctest; sourceTree = BUILT_PRODUCTS_DIR; };
/* End PBXFileReference section */

/* Begin PBXFileSystemSynchronizedRootGroup section */
		5E1A00000000000000000002 /* Relive */ = {
			isa = PBXFileSystemSynchronizedRootGroup;
			path = Relive;
			sourceTree = "<group>";
		};
		5E1A00000000000000000016 /* ReliveUITests */ = {
			isa = PBXFileSystemSynchronizedRootGroup;
			path = ReliveUITests;
			sourceTree = "<group>";
		};
		5E1A00000000000000000021 /* ReliveTests */ = {
			isa = PBXFileSystemSynchronizedRootGroup;
			path = ReliveTests;
			sourceTree = "<group>";
		};
/* End PBXFileSystemSynchronizedRootGroup section */

/* Begin PBXFrameworksBuildPhase section */
		5E1A00000000000000000003 /* Frameworks */ = {
			isa = PBXFrameworksBuildPhase;
			buildActionMask = 2147483647;
			files = (
				5E1A0000000000000000000A /* ReliveCore in Frameworks */,
			);
			runOnlyForDeploymentPostprocessing = 0;
		};
		5E1A00000000000000000018 /* Frameworks */ = {
			isa = PBXFrameworksBuildPhase;
			buildActionMask = 2147483647;
			files = (
			);
			runOnlyForDeploymentPostprocessing = 0;
		};
		5E1A00000000000000000023 /* Frameworks */ = {
			isa = PBXFrameworksBuildPhase;
			buildActionMask = 2147483647;
			files = (
			);
			runOnlyForDeploymentPostprocessing = 0;
		};
/* End PBXFrameworksBuildPhase section */

/* Begin PBXGroup section */
		5E1A00000000000000000004 = {
			isa = PBXGroup;
			children = (
				5E1A00000000000000000002 /* Relive */,
				5E1A00000000000000000021 /* ReliveTests */,
				5E1A00000000000000000016 /* ReliveUITests */,
				5E1A00000000000000000013 /* Config */,
				5E1A00000000000000000005 /* Products */,
			);
			sourceTree = "<group>";
		};
		5E1A00000000000000000005 /* Products */ = {
			isa = PBXGroup;
			children = (
				5E1A00000000000000000001 /* Relive.app */,
				5E1A00000000000000000020 /* ReliveTests.xctest */,
				5E1A00000000000000000015 /* ReliveUITests.xctest */,
			);
			name = Products;
			sourceTree = "<group>";
		};
		5E1A00000000000000000013 /* Config */ = {
			isa = PBXGroup;
			children = (
				5E1A00000000000000000014 /* Info.plist */,
			);
			path = Config;
			sourceTree = "<group>";
		};
/* End PBXGroup section */

/* Begin PBXNativeTarget section */
		5E1A00000000000000000006 /* Relive */ = {
			isa = PBXNativeTarget;
			buildConfigurationList = 5E1A0000000000000000000E /* Build configuration list for PBXNativeTarget "Relive" */;
			buildPhases = (
				5E1A00000000000000000007 /* Sources */,
				5E1A00000000000000000003 /* Frameworks */,
				5E1A00000000000000000008 /* Resources */,
			);
			buildRules = (
			);
			dependencies = (
			);
			fileSystemSynchronizedGroups = (
				5E1A00000000000000000002 /* Relive */,
			);
			name = Relive;
			packageProductDependencies = (
				5E1A0000000000000000000B /* ReliveCore */,
			);
			productName = Relive;
			productReference = 5E1A00000000000000000001 /* Relive.app */;
			productType = "com.apple.product-type.application";
		};
		5E1A0000000000000000001C /* ReliveUITests */ = {
			isa = PBXNativeTarget;
			buildConfigurationList = 5E1A0000000000000000001D /* Build configuration list for PBXNativeTarget "ReliveUITests" */;
			buildPhases = (
				5E1A00000000000000000017 /* Sources */,
				5E1A00000000000000000018 /* Frameworks */,
				5E1A00000000000000000019 /* Resources */,
			);
			buildRules = (
			);
			dependencies = (
				5E1A0000000000000000001B /* PBXTargetDependency */,
			);
			fileSystemSynchronizedGroups = (
				5E1A00000000000000000016 /* ReliveUITests */,
			);
			name = ReliveUITests;
			packageProductDependencies = (
			);
			productName = ReliveUITests;
			productReference = 5E1A00000000000000000015 /* ReliveUITests.xctest */;
			productType = "com.apple.product-type.bundle.ui-testing";
		};
		5E1A00000000000000000027 /* ReliveTests */ = {
			isa = PBXNativeTarget;
			buildConfigurationList = 5E1A00000000000000000028 /* Build configuration list for PBXNativeTarget "ReliveTests" */;
			buildPhases = (
				5E1A00000000000000000022 /* Sources */,
				5E1A00000000000000000023 /* Frameworks */,
				5E1A00000000000000000024 /* Resources */,
			);
			buildRules = (
			);
			dependencies = (
				5E1A00000000000000000026 /* PBXTargetDependency */,
			);
			fileSystemSynchronizedGroups = (
				5E1A00000000000000000021 /* ReliveTests */,
			);
			name = ReliveTests;
			packageProductDependencies = (
			);
			productName = ReliveTests;
			productReference = 5E1A00000000000000000020 /* ReliveTests.xctest */;
			productType = "com.apple.product-type.bundle.unit-test";
		};
/* End PBXNativeTarget section */

/* Begin PBXProject section */
		5E1A00000000000000000009 /* Project object */ = {
			isa = PBXProject;
			attributes = {
				BuildIndependentTargetsInParallel = 1;
				LastSwiftUpdateCheck = 1600;
				LastUpgradeCheck = 1600;
				TargetAttributes = {
					5E1A00000000000000000006 = {
						CreatedOnToolsVersion = 16.0;
					};
					5E1A0000000000000000001C = {
						CreatedOnToolsVersion = 16.0;
						TestTargetID = 5E1A00000000000000000006;
					};
					5E1A00000000000000000027 = {
						CreatedOnToolsVersion = 16.0;
						TestTargetID = 5E1A00000000000000000006;
					};
				};
			};
			buildConfigurationList = 5E1A0000000000000000000D /* Build configuration list for PBXProject "Relive" */;
			developmentRegion = en;
			hasScannedForEncodings = 0;
			knownRegions = (
				en,
				Base,
			);
			mainGroup = 5E1A00000000000000000004;
			minimizedProjectReferenceProxies = 1;
			packageReferences = (
				5E1A0000000000000000000C /* XCLocalSwiftPackageReference "Packages/ReliveCore" */,
			);
			preferredProjectObjectVersion = 77;
			productRefGroup = 5E1A00000000000000000005 /* Products */;
			projectDirPath = "";
			projectRoot = "";
			targets = (
				5E1A00000000000000000006 /* Relive */,
				5E1A00000000000000000027 /* ReliveTests */,
				5E1A0000000000000000001C /* ReliveUITests */,
			);
		};
/* End PBXProject section */

/* Begin PBXResourcesBuildPhase section */
		5E1A00000000000000000008 /* Resources */ = {
			isa = PBXResourcesBuildPhase;
			buildActionMask = 2147483647;
			files = (
			);
			runOnlyForDeploymentPostprocessing = 0;
		};
		5E1A00000000000000000019 /* Resources */ = {
			isa = PBXResourcesBuildPhase;
			buildActionMask = 2147483647;
			files = (
			);
			runOnlyForDeploymentPostprocessing = 0;
		};
		5E1A00000000000000000024 /* Resources */ = {
			isa = PBXResourcesBuildPhase;
			buildActionMask = 2147483647;
			files = (
			);
			runOnlyForDeploymentPostprocessing = 0;
		};
/* End PBXResourcesBuildPhase section */

/* Begin PBXSourcesBuildPhase section */
		5E1A00000000000000000007 /* Sources */ = {
			isa = PBXSourcesBuildPhase;
			buildActionMask = 2147483647;
			files = (
			);
			runOnlyForDeploymentPostprocessing = 0;
		};
		5E1A00000000000000000017 /* Sources */ = {
			isa = PBXSourcesBuildPhase;
			buildActionMask = 2147483647;
			files = (
			);
			runOnlyForDeploymentPostprocessing = 0;
		};
		5E1A00000000000000000022 /* Sources */ = {
			isa = PBXSourcesBuildPhase;
			buildActionMask = 2147483647;
			files = (
			);
			runOnlyForDeploymentPostprocessing = 0;
		};
/* End PBXSourcesBuildPhase section */

/* Begin PBXTargetDependency section */
		5E1A0000000000000000001B /* PBXTargetDependency */ = {
			isa = PBXTargetDependency;
			target = 5E1A00000000000000000006 /* Relive */;
			targetProxy = 5E1A0000000000000000001A /* PBXContainerItemProxy */;
		};
		5E1A00000000000000000026 /* PBXTargetDependency */ = {
			isa = PBXTargetDependency;
			target = 5E1A00000000000000000006 /* Relive */;
			targetProxy = 5E1A00000000000000000025 /* PBXContainerItemProxy */;
		};
/* End PBXTargetDependency section */

/* Begin XCBuildConfiguration section */
		5E1A0000000000000000000F /* Debug */ = {
			isa = XCBuildConfiguration;
			buildSettings = {
				ALWAYS_SEARCH_USER_PATHS = NO;
				CLANG_ANALYZER_NONNULL = YES;
				CLANG_CXX_LANGUAGE_STANDARD = "gnu++20";
				CLANG_ENABLE_MODULES = YES;
				CLANG_ENABLE_OBJC_ARC = YES;
				CLANG_WARN_DOCUMENTATION_COMMENTS = YES;
				CLANG_WARN_UNGUARDED_AVAILABILITY = YES_AGGRESSIVE;
				COPY_PHASE_STRIP = NO;
				DEBUG_INFORMATION_FORMAT = dwarf;
				ENABLE_STRICT_OBJC_MSGSEND = YES;
				ENABLE_TESTABILITY = YES;
				ENABLE_USER_SCRIPT_SANDBOXING = YES;
				GCC_C_LANGUAGE_STANDARD = gnu17;
				GCC_DYNAMIC_NO_PIC = NO;
				GCC_NO_COMMON_BLOCKS = YES;
				GCC_OPTIMIZATION_LEVEL = 0;
				GCC_PREPROCESSOR_DEFINITIONS = (
					"DEBUG=1",
					"$(inherited)",
				);
				IPHONEOS_DEPLOYMENT_TARGET = 18.0;
				LOCALIZATION_PREFERS_STRING_CATALOGS = YES;
				MTL_ENABLE_DEBUG_INFO = INCLUDE_SOURCE;
				MTL_FAST_MATH = YES;
				ONLY_ACTIVE_ARCH = YES;
				SDKROOT = iphoneos;
				SWIFT_ACTIVE_COMPILATION_CONDITIONS = "DEBUG $(inherited)";
				SWIFT_OPTIMIZATION_LEVEL = "-Onone";
			};
			name = Debug;
		};
		5E1A00000000000000000010 /* Release */ = {
			isa = XCBuildConfiguration;
			buildSettings = {
				ALWAYS_SEARCH_USER_PATHS = NO;
				CLANG_ANALYZER_NONNULL = YES;
				CLANG_CXX_LANGUAGE_STANDARD = "gnu++20";
				CLANG_ENABLE_MODULES = YES;
				CLANG_ENABLE_OBJC_ARC = YES;
				CLANG_WARN_DOCUMENTATION_COMMENTS = YES;
				CLANG_WARN_UNGUARDED_AVAILABILITY = YES_AGGRESSIVE;
				COPY_PHASE_STRIP = NO;
				DEBUG_INFORMATION_FORMAT = "dwarf-with-dsym";
				ENABLE_NS_ASSERTIONS = NO;
				ENABLE_STRICT_OBJC_MSGSEND = YES;
				ENABLE_USER_SCRIPT_SANDBOXING = YES;
				GCC_C_LANGUAGE_STANDARD = gnu17;
				GCC_NO_COMMON_BLOCKS = YES;
				IPHONEOS_DEPLOYMENT_TARGET = 18.0;
				LOCALIZATION_PREFERS_STRING_CATALOGS = YES;
				MTL_ENABLE_DEBUG_INFO = NO;
				MTL_FAST_MATH = YES;
				SDKROOT = iphoneos;
				SWIFT_COMPILATION_MODE = wholemodule;
				VALIDATE_PRODUCT = YES;
			};
			name = Release;
		};
		5E1A00000000000000000011 /* Debug */ = {
			isa = XCBuildConfiguration;
			buildSettings = {
				ASSETCATALOG_COMPILER_APPICON_NAME = AppIcon;
				ASSETCATALOG_COMPILER_GLOBAL_ACCENT_COLOR_NAME = AccentColor;
				CODE_SIGN_STYLE = Automatic;
				CURRENT_PROJECT_VERSION = 1;
				ENABLE_PREVIEWS = YES;
				GENERATE_INFOPLIST_FILE = YES;
				INFOPLIST_FILE = Config/Info.plist;
				INFOPLIST_KEY_CFBundleDisplayName = Relive;
				INFOPLIST_KEY_LSApplicationCategoryType = "public.app-category.photography";
				INFOPLIST_KEY_NSPhotoLibraryUsageDescription = "Relive organizes the photos and videos you choose into a private timeline of your story. They are analyzed on this iPhone and never uploaded.";
				INFOPLIST_KEY_UIApplicationSceneManifest_Generation = YES;
				INFOPLIST_KEY_UIApplicationSupportsIndirectInputEvents = YES;
				INFOPLIST_KEY_UISupportedInterfaceOrientations_iPhone = UIInterfaceOrientationPortrait;
				LD_RUNPATH_SEARCH_PATHS = (
					"$(inherited)",
					"@executable_path/Frameworks",
				);
				MARKETING_VERSION = 0.1;
				PRODUCT_BUNDLE_IDENTIFIER = app.relive.prototype;
				PRODUCT_NAME = "$(TARGET_NAME)";
				SUPPORTED_PLATFORMS = "iphoneos iphonesimulator";
				SUPPORTS_MACCATALYST = NO;
				SUPPORTS_MAC_DESIGNED_FOR_IPHONE_IPAD = NO;
				SUPPORTS_XR_DESIGNED_FOR_IPHONE_IPAD = NO;
				SWIFT_EMIT_LOC_STRINGS = YES;
				SWIFT_STRICT_CONCURRENCY = complete;
				SWIFT_VERSION = 5.0;
				TARGETED_DEVICE_FAMILY = 1;
			};
			name = Debug;
		};
		5E1A00000000000000000012 /* Release */ = {
			isa = XCBuildConfiguration;
			buildSettings = {
				ASSETCATALOG_COMPILER_APPICON_NAME = AppIcon;
				ASSETCATALOG_COMPILER_GLOBAL_ACCENT_COLOR_NAME = AccentColor;
				CODE_SIGN_STYLE = Automatic;
				CURRENT_PROJECT_VERSION = 1;
				ENABLE_PREVIEWS = YES;
				GENERATE_INFOPLIST_FILE = YES;
				INFOPLIST_FILE = Config/Info.plist;
				INFOPLIST_KEY_CFBundleDisplayName = Relive;
				INFOPLIST_KEY_LSApplicationCategoryType = "public.app-category.photography";
				INFOPLIST_KEY_NSPhotoLibraryUsageDescription = "Relive organizes the photos and videos you choose into a private timeline of your story. They are analyzed on this iPhone and never uploaded.";
				INFOPLIST_KEY_UIApplicationSceneManifest_Generation = YES;
				INFOPLIST_KEY_UIApplicationSupportsIndirectInputEvents = YES;
				INFOPLIST_KEY_UISupportedInterfaceOrientations_iPhone = UIInterfaceOrientationPortrait;
				LD_RUNPATH_SEARCH_PATHS = (
					"$(inherited)",
					"@executable_path/Frameworks",
				);
				MARKETING_VERSION = 0.1;
				PRODUCT_BUNDLE_IDENTIFIER = app.relive.prototype;
				PRODUCT_NAME = "$(TARGET_NAME)";
				SUPPORTED_PLATFORMS = "iphoneos iphonesimulator";
				SUPPORTS_MACCATALYST = NO;
				SUPPORTS_MAC_DESIGNED_FOR_IPHONE_IPAD = NO;
				SUPPORTS_XR_DESIGNED_FOR_IPHONE_IPAD = NO;
				SWIFT_EMIT_LOC_STRINGS = YES;
				SWIFT_STRICT_CONCURRENCY = complete;
				SWIFT_VERSION = 5.0;
				TARGETED_DEVICE_FAMILY = 1;
			};
			name = Release;
		};
		5E1A0000000000000000001E /* Debug */ = {
			isa = XCBuildConfiguration;
			buildSettings = {
				CODE_SIGN_STYLE = Automatic;
				CURRENT_PROJECT_VERSION = 1;
				GENERATE_INFOPLIST_FILE = YES;
				IPHONEOS_DEPLOYMENT_TARGET = 18.0;
				MARKETING_VERSION = 0.1;
				PRODUCT_BUNDLE_IDENTIFIER = app.relive.prototype.uitests;
				PRODUCT_NAME = "$(TARGET_NAME)";
				SWIFT_EMIT_LOC_STRINGS = NO;
				SWIFT_VERSION = 5.0;
				TARGETED_DEVICE_FAMILY = 1;
				TEST_TARGET_NAME = Relive;
			};
			name = Debug;
		};
		5E1A0000000000000000001F /* Release */ = {
			isa = XCBuildConfiguration;
			buildSettings = {
				CODE_SIGN_STYLE = Automatic;
				CURRENT_PROJECT_VERSION = 1;
				GENERATE_INFOPLIST_FILE = YES;
				IPHONEOS_DEPLOYMENT_TARGET = 18.0;
				MARKETING_VERSION = 0.1;
				PRODUCT_BUNDLE_IDENTIFIER = app.relive.prototype.uitests;
				PRODUCT_NAME = "$(TARGET_NAME)";
				SWIFT_EMIT_LOC_STRINGS = NO;
				SWIFT_VERSION = 5.0;
				TARGETED_DEVICE_FAMILY = 1;
				TEST_TARGET_NAME = Relive;
			};
			name = Release;
		};
		5E1A00000000000000000029 /* Debug */ = {
			isa = XCBuildConfiguration;
			buildSettings = {
				BUNDLE_LOADER = "$(TEST_HOST)";
				CODE_SIGN_STYLE = Automatic;
				CURRENT_PROJECT_VERSION = 1;
				GENERATE_INFOPLIST_FILE = YES;
				IPHONEOS_DEPLOYMENT_TARGET = 18.0;
				MARKETING_VERSION = 0.1;
				PRODUCT_BUNDLE_IDENTIFIER = app.relive.prototype.tests;
				PRODUCT_NAME = "$(TARGET_NAME)";
				SWIFT_EMIT_LOC_STRINGS = NO;
				SWIFT_STRICT_CONCURRENCY = complete;
				SWIFT_VERSION = 5.0;
				TARGETED_DEVICE_FAMILY = 1;
				TEST_HOST = "$(BUILT_PRODUCTS_DIR)/Relive.app/$(BUNDLE_EXECUTABLE_FOLDER_PATH)/Relive";
			};
			name = Debug;
		};
		5E1A0000000000000000002A /* Release */ = {
			isa = XCBuildConfiguration;
			buildSettings = {
				BUNDLE_LOADER = "$(TEST_HOST)";
				CODE_SIGN_STYLE = Automatic;
				CURRENT_PROJECT_VERSION = 1;
				GENERATE_INFOPLIST_FILE = YES;
				IPHONEOS_DEPLOYMENT_TARGET = 18.0;
				MARKETING_VERSION = 0.1;
				PRODUCT_BUNDLE_IDENTIFIER = app.relive.prototype.tests;
				PRODUCT_NAME = "$(TARGET_NAME)";
				SWIFT_EMIT_LOC_STRINGS = NO;
				SWIFT_STRICT_CONCURRENCY = complete;
				SWIFT_VERSION = 5.0;
				TARGETED_DEVICE_FAMILY = 1;
				TEST_HOST = "$(BUILT_PRODUCTS_DIR)/Relive.app/$(BUNDLE_EXECUTABLE_FOLDER_PATH)/Relive";
			};
			name = Release;
		};
/* End XCBuildConfiguration section */

/* Begin XCConfigurationList section */
		5E1A0000000000000000000D /* Build configuration list for PBXProject "Relive" */ = {
			isa = XCConfigurationList;
			buildConfigurations = (
				5E1A0000000000000000000F /* Debug */,
				5E1A00000000000000000010 /* Release */,
			);
			defaultConfigurationIsVisible = 0;
			defaultConfigurationName = Release;
		};
		5E1A0000000000000000000E /* Build configuration list for PBXNativeTarget "Relive" */ = {
			isa = XCConfigurationList;
			buildConfigurations = (
				5E1A00000000000000000011 /* Debug */,
				5E1A00000000000000000012 /* Release */,
			);
			defaultConfigurationIsVisible = 0;
			defaultConfigurationName = Release;
		};
		5E1A0000000000000000001D /* Build configuration list for PBXNativeTarget "ReliveUITests" */ = {
			isa = XCConfigurationList;
			buildConfigurations = (
				5E1A0000000000000000001E /* Debug */,
				5E1A0000000000000000001F /* Release */,
			);
			defaultConfigurationIsVisible = 0;
			defaultConfigurationName = Release;
		};
		5E1A00000000000000000028 /* Build configuration list for PBXNativeTarget "ReliveTests" */ = {
			isa = XCConfigurationList;
			buildConfigurations = (
				5E1A00000000000000000029 /* Debug */,
				5E1A0000000000000000002A /* Release */,
			);
			defaultConfigurationIsVisible = 0;
			defaultConfigurationName = Release;
		};
/* End XCConfigurationList section */

/* Begin XCLocalSwiftPackageReference section */
		5E1A0000000000000000000C /* XCLocalSwiftPackageReference "Packages/ReliveCore" */ = {
			isa = XCLocalSwiftPackageReference;
			relativePath = Packages/ReliveCore;
		};
/* End XCLocalSwiftPackageReference section */

/* Begin XCSwiftPackageProductDependency section */
		5E1A0000000000000000000B /* ReliveCore */ = {
			isa = XCSwiftPackageProductDependency;
			package = 5E1A0000000000000000000C /* XCLocalSwiftPackageReference "Packages/ReliveCore" */;
			productName = ReliveCore;
		};
/* End XCSwiftPackageProductDependency section */
	};
	rootObject = 5E1A00000000000000000009 /* Project object */;
}
